
Microsoft Visual Studio Solution File, Format Version 12.00
# Visual Studio Version 17
VisualStudioVersion = 17.0.32014.148
MinimumVisualStudioVersion = 10.0.40219.1
Project("{FAE04EC0-301F-11D3-BF4B-00C04F79EFBC}") = "DesktopCMD", "DesktopCMD\DesktopCMD.csproj", "{ED035305-DF0D-43A7-AA39-55CA73EB7B1C}"
EndProject
Global
	GlobalSection(SolutionConfigurationPlatforms) = preSolution
		Debug|Any CPU = Debug|Any CPU
		Release|Any CPU = Release|Any CPU
	EndGlobalSection
	GlobalSection(ProjectConfigurationPlatforms) = postSolution
		{ED035305-DF0D-43A7-AA39-55CA73EB7B1C}.Debug|Any CPU.ActiveCfg = Debug|Any CPU
		{ED035305-DF0D-43A7-AA39-55CA73EB7B1C}.Debug|Any CPU.Build.0 = Debug|Any CPU
		{ED035305-DF0D-43A7-AA39-55CA73EB7B1C}.Release|Any CPU.ActiveCfg = Release|Any CPU
		{ED035305-DF0D-43A7-AA39-55CA73EB7B1C}.Release|Any CPU.Build.0 = Release|Any CPU
	EndGlobalSection
	GlobalSection(SolutionProperties) = preSolution
		HideSolutionNode = FALSE
	EndGlobalSection
	GlobalSection(ExtensibilityGlobals) = postSolution
		SolutionGuid = {90820B66-1003-4B00-B7CE-0B952EF59AB5}
	EndGlobalSection
EndGlobal
